<?xml version="1.0" encoding="UTF-8" standalone="yes" ?>
<CodeBlocks_project_file>
	<FileVersion major="1" minor="6" />
	<Project>
		<Option title="Caravana_del_Desierto" />
		<Option pch_mode="2" />
		<Option compiler="gcc" />
		<Build>
			<Target title="Debug">
				<Option output="bin/Debug/Caravana_del_Desierto" prefix_auto="1" extension_auto="1" />
				<Option object_output="obj/Debug/" />
				<Option type="1" />
				<Option compiler="gcc" />
				<Compiler>
					<Add option="-g" />
				</Compiler>
			</Target>
			<Target title="Release">
				<Option output="bin/Release/Caravana_del_Desierto" prefix_auto="1" extension_auto="1" />
				<Option object_output="obj/Release/" />
				<Option type="1" />
				<Option compiler="gcc" />
				<Compiler>
					<Add option="-O2" />
				</Compiler>
				<Linker>
					<Add option="-s" />
				</Linker>
			</Target>
		</Build>
		<Compiler>
			<Add option="-Wall" />
		</Compiler>
		<Unit filename="include/arbol.h" />
		<Unit filename="include/cola_dinamica.h" />
		<Unit filename="include/entidades.h" />
		<Unit filename="include/gestion_archivos.h" />
		<Unit filename="include/interfaz_usuario.h" />
		<Unit filename="include/lista.h" />
		<Unit filename="include/logica_juego.h" />
		<Unit filename="include/reportes.h" />
		<Unit filename="sources/arbol.c">
			<Option compilerVar="CC" />
		</Unit>
		<Unit filename="sources/cola_dinamica.c">
			<Option compilerVar="CC" />
		</Unit>
		<Unit filename="sources/entidades.c">
			<Option compilerVar="CC" />
		</Unit>
		<Unit filename="sources/gestion_archivos.c">
			<Option compilerVar="CC" />
		</Unit>
		<Unit filename="sources/interfaz_usuario.c">
			<Option compilerVar="CC" />
		</Unit>
		<Unit filename="sources/lista.c">
			<Option compilerVar="CC" />
		</Unit>
		<Unit filename="sources/logica_juego.c">
			<Option compilerVar="CC" />
		</Unit>
		<Unit filename="sources/main.c">
			<Option compilerVar="CC" />
		</Unit>
		<Unit filename="sources/reportes.c">
			<Option compilerVar="CC" />
		</Unit>
		<Extensions>
			<lib_finder disable_auto="1" />
		</Extensions>
	</Project>
</CodeBlocks_project_file>
